
Microsoft Visual Studio Solution File, Format Version 12.00
# Visual Studio Version 17
VisualStudioVersion = 17.13.35806.99 d17.13
MinimumVisualStudioVersion = 10.0.40219.1
Project("{FAE04EC0-301F-11D3-BF4B-00C04F79EFBC}") = "SurveyBasket.Api", "SurveyBasket.Api\SurveyBasket.Api.csproj", "{2CDEAD22-3A1D-47ED-8DDF-6D92230ED222}"
EndProject
Global
	GlobalSection(SolutionConfigurationPlatforms) = preSolution
		Debug|Any CPU = Debug|Any CPU
		Release|Any CPU = Release|Any CPU
	EndGlobalSection
	GlobalSection(ProjectConfigurationPlatforms) = postSolution
		{2CDEAD22-3A1D-47ED-8DDF-6D92230ED222}.Debug|Any CPU.ActiveCfg = Debug|Any CPU
		{2CDEAD22-3A1D-47ED-8DDF-6D92230ED222}.Debug|Any CPU.Build.0 = Debug|Any CPU
		{2CDEAD22-3A1D-47ED-8DDF-6D92230ED222}.Release|Any CPU.ActiveCfg = Release|Any CPU
		{2CDEAD22-3A1D-47ED-8DDF-6D92230ED222}.Release|Any CPU.Build.0 = Release|Any CPU
	EndGlobalSection
	GlobalSection(SolutionProperties) = preSolution
		HideSolutionNode = FALSE
	EndGlobalSection
	GlobalSection(ExtensibilityGlobals) = postSolution
		SolutionGuid = {EE83044F-8772-43AB-8A81-129629733699}
	EndGlobalSection
EndGlobal
